{
  "name": "hanzi-cli",
  "version": "1.0.0",
  "lockfileVersion": 1,
  "dependencies": {
    "argparse": {
      "version": "1.0.9",
      "resolved": "https://registry.npmjs.org/argparse/-/argparse-1.0.9.tgz",
      "integrity": "sha1-c9g7wmP4bpf4zE9rrhsOkKfSLIY="
    },
    "find-hanzi": {
      "version": "1.0.8",
      "resolved": "https://registry.npmjs.org/find-hanzi/-/find-hanzi-1.0.8.tgz",
      "integrity": "sha512-TJOccHXE0tA3NCBV/g3VKV2/ctvhBTUK0cRQGzejyqa9TR4M7uKlDyy+uvPAxC6XXXIjwtcKPahcCj5SswlYdw=="
    },
    "pinyin-utils": {
      "version": "1.0.3",
      "resolved": "https://registry.npmjs.org/pinyin-utils/-/pinyin-utils-1.0.3.tgz",
      "integrity": "sha1-c4DrPcB7tvbGjjHAO9yJih7+dj0="
    },
    "sprintf-js": {
      "version": "1.0.3",
      "resolved": "https://registry.npmjs.org/sprintf-js/-/sprintf-js-1.0.3.tgz",
      "integrity": "sha1-BOaSb2YolTVPPdAVIDYzuFcpfiw="
    }
  }
}
